{
  "name": "CodeEncounter",
  "version": "1.0.0",
  "lockfileVersion": 2,
  "requires": true,
  "packages": {
    "": {
      "name": "CodeEncounter",
      "version": "1.0.0",
      "dependencies": {
        "talkjs": "^0.15.5"
      }
    },
    "node_modules/talkjs": {
      "version": "0.15.5",
      "resolved": "https://registry.npmjs.org/talkjs/-/talkjs-0.15.5.tgz",
      "integrity": "sha512-YGTSXxVFSZQDxPz/UgvZZPxQHO9RVVbDqEl93oGdFNBj9TobmVc+dp7kzVNgakN4c0hmBuV3GR2mOZF1oSyhZg=="
    }
  },
  "dependencies": {
    "talkjs": {
      "version": "0.15.5",
      "resolved": "https://registry.npmjs.org/talkjs/-/talkjs-0.15.5.tgz",
      "integrity": "sha512-YGTSXxVFSZQDxPz/UgvZZPxQHO9RVVbDqEl93oGdFNBj9TobmVc+dp7kzVNgakN4c0hmBuV3GR2mOZF1oSyhZg=="
    }
  }
}
